// !$*UTF8*$!
{
	archiveVersion = 1;
	classes = {
	};
	objectVersion = 50;
	objects = {

/* Begin PBXBuildFile section */
		CFA94ABE20F42913002ABA4D /* AppDelegate.swift in Sources */ = {isa = PBXBuildFile; fileRef = CFA94ABD20F42913002ABA4D /* AppDelegate.swift */; };
		CFA94AC020F42913002ABA4D /* ViewController.swift in Sources */ = {isa = PBXBuildFile; fileRef = CFA94ABF20F42913002ABA4D /* ViewController.swift */; };
		CFA94AC320F42913002ABA4D /* Main.storyboard in Resources */ = {isa = PBXBuildFile; fileRef = CFA94AC120F42913002ABA4D /* Main.storyboard */; };
		CFA94AC520F42913002ABA4D /* Assets.xcassets in Resources */ = {isa = PBXBuildFile; fileRef = CFA94AC420F42913002ABA4D /* Assets.xcassets */; };
		CFA94AC820F42913002ABA4D /* LaunchScreen.storyboard in Resources */ = {isa = PBXBuildFile; fileRef = CFA94AC620F42913002ABA4D /* LaunchScreen.storyboard */; };
		CFA94AD020F42A58002ABA4D /* OtherVC.swift in Sources */ = {isa = PBXBuildFile; fileRef = CFA94ACF20F42A58002ABA4D /* OtherVC.swift */; };
/* End PBXBuildFile section */

/* Begin PBXFileReference section */
		CFA94ABA20F42913002ABA4D /* NSEW.app */ = {isa = PBXFileReference; explicitFileType = wrapper.application; includeInIndex = 0; path = NSEW.app; sourceTree = BUILT_PRODUCTS_DIR; };
		CFA94ABD20F42913002ABA4D /* AppDelegate.swift */ = {isa = PBXFileReference; lastKnownFileType = sourcecode.swift; path = AppDelegate.swift; sourceTree = "<group>"; };
		CFA94ABF20F42913002ABA4D /* ViewController.swift */ = {isa = PBXFileReference; lastKnownFileType = sourcecode.swift; path = ViewController.swift; sourceTree = "<group>"; };
		CFA94AC220F42913002ABA4D /* Base */ = {isa = PBXFileReference; lastKnownFileType = file.storyboard; name = Base; path = Base.lproj/Main.storyboard; sourceTree = "<group>"; };
		CFA94AC420F42913002ABA4D /* Assets.xcassets */ = {isa = PBXFileReference; lastKnownFileType = folder.assetcatalog; path = Assets.xcassets; sourceTree = "<group>"; };
		CFA94AC720F42913002ABA4D /* Base */ = {isa = PBXFileReference; lastKnownFileType = file.storyboard; name = Base; path = Base.lproj/LaunchScreen.storyboard; sourceTree = "<group>"; };
		CFA94AC920F42913002ABA4D /* Info.plist */ = {isa = PBXFileReference; lastKnownFileType = text.plist.xml; path = Info.plist; sourceTree = "<group>"; };
		CFA94ACF20F42A58002ABA4D /* OtherVC.swift */ = {isa = PBXFileReference; lastKnownFileType = sourcecode.swift; path = OtherVC.swift; sourceTree = "<group>"; };
/* End PBXFileReference section */

/* Begin PBXFrameworksBuildPhase section */
		CFA94AB720F42913002ABA4D /* Frameworks */ = {
			isa = PBXFrameworksBuildPhase;
			buildActionMask = 2147483647;
			files = (
			);
			runOnlyForDeploymentPostprocessing = 0;
		};
/* End PBXFrameworksBuildPhase section */

/* Begin PBXGroup section */
		CFA94AB120F42912002ABA4D = {
			isa = PBXGroup;
			children = (
				CFA94ABC20F42913002ABA4D /* NSEW */,
				CFA94ABB20F42913002ABA4D /* Products */,
			);
			sourceTree = "<group>";
		};
		CFA94ABB20F42913002ABA4D /* Products */ = {
			isa = PBXGroup;
			children = (
				CFA94ABA20F42913002ABA4D /* NSEW.app */,
			);
			name = Products;
			sourceTree = "<group>";
		};
		CFA94ABC20F42913002ABA4D /* NSEW */ = {
			isa = PBXGroup;
			children = (
				CFA94ACF20F42A58002ABA4D /* OtherVC.swift */,
				CFA94ABD20F42913002ABA4D /* AppDelegate.swift */,
				CFA94ABF20F42913002ABA4D /* ViewController.swift */,
				CFA94AC120F42913002ABA4D /* Main.storyboard */,
				CFA94AC420F42913002ABA4D /* Assets.xcassets */,
				CFA94AC620F42913002ABA4D /* LaunchScreen.storyboard */,
				CFA94AC920F42913002ABA4D /* Info.plist */,
			);
			path = NSEW;
			sourceTree = "<group>";
		};
/* End PBXGroup section */

/* Begin PBXNativeTarget section */
		CFA94AB920F42913002ABA4D /* NSEW */ = {
			isa = PBXNativeTarget;
			buildConfigurationList = CFA94ACC20F42913002ABA4D /* Build configuration list for PBXNativeTarget "NSEW" */;
			buildPhases = (
				CFA94AB620F42913002ABA4D /* Sources */,
				CFA94AB720F42913002ABA4D /* Frameworks */,
				CFA94AB820F42913002ABA4D /* Resources */,
			);
			buildRules = (
			);
			dependencies = (
			);
			name = NSEW;
			productName = NSEW;
			productReference = CFA94ABA20F42913002ABA4D /* NSEW.app */;
			productType = "com.apple.product-type.application";
		};
/* End PBXNativeTarget section */

/* Begin PBXProject section */
		CFA94AB220F42912002ABA4D /* Project object */ = {
			isa = PBXProject;
			attributes = {
				LastSwiftUpdateCheck = 0940;
				LastUpgradeCheck = 0940;
				ORGANIZATIONNAME = AshwinMahesh;
				TargetAttributes = {
					CFA94AB920F42913002ABA4D = {
						CreatedOnToolsVersion = 9.4.1;
					};
				};
			};
			buildConfigurationList = CFA94AB520F42912002ABA4D /* Build configuration list for PBXProject "NSEW" */;
			compatibilityVersion = "Xcode 9.3";
			developmentRegion = en;
			hasScannedForEncodings = 0;
			knownRegions = (
				en,
				Base,
			);
			mainGroup = CFA94AB120F42912002ABA4D;
			productRefGroup = CFA94ABB20F42913002ABA4D /* Products */;
			projectDirPath = "";
			projectRoot = "";
			targets = (
				CFA94AB920F42913002ABA4D /* NSEW */,
			);
		};
/* End PBXProject section */

/* Begin PBXResourcesBuildPhase section */
		CFA94AB820F42913002ABA4D /* Resources */ = {
			isa = PBXResourcesBuildPhase;
			buildActionMask = 2147483647;
			files = (
				CFA94AC820F42913002ABA4D /* LaunchScreen.storyboard in Resources */,
				CFA94AC520F42913002ABA4D /* Assets.xcassets in Resources */,
				CFA94AC320F42913002ABA4D /* Main.storyboard in Resources */,
			);
			runOnlyForDeploymentPostprocessing = 0;
		};
/* End PBXResourcesBuildPhase section */

/* Begin PBXSourcesBuildPhase section */
		CFA94AB620F42913002ABA4D /* Sources */ = {
			isa = PBXSourcesBuildPhase;
			buildActionMask = 2147483647;
			files = (
				CFA94AD020F42A58002ABA4D /* OtherVC.swift in Sources */,
				CFA94AC020F42913002ABA4D /* ViewController.swift in Sources */,
				CFA94ABE20F42913002ABA4D /* AppDelegate.swift in Sources */,
			);
			runOnlyForDeploymentPostprocessing = 0;
		};
/* End PBXSourcesBuildPhase section */

/* Begin PBXVariantGroup section */
		CFA94AC120F42913002ABA4D /* Main.storyboard */ = {
			isa = PBXVariantGroup;
			children = (
				CFA94AC220F42913002ABA4D /* Base */,
			);
			name = Main.storyboard;
			sourceTree = "<group>";
		};
		CFA94AC620F42913002ABA4D /* LaunchScreen.storyboard */ = {
			isa = PBXVariantGroup;
			children = (
				CFA94AC720F42913002ABA4D /* Base */,
			);
			name = LaunchScreen.storyboard;
			sourceTree = "<group>";
		};
/* End PBXVariantGroup section */

/* Begin XCBuildConfiguration section */
		CFA94ACA20F42913002ABA4D /* Debug */ = {
			isa = XCBuildConfiguration;
			buildSettings = {
				ALWAYS_SEARCH_USER_PATHS = NO;
				CLANG_ANALYZER_NONNULL = YES;
				CLANG_ANALYZER_NUMBER_OBJECT_CONVERSION = YES_AGGRESSIVE;
				CLANG_CXX_LANGUAGE_STANDARD = "gnu++14";
				CLANG_CXX_LIBRARY = "libc++";
				CLANG_ENABLE_MODULES = YES;
				CLANG_ENABLE_OBJC_ARC = YES;
				CLANG_ENABLE_OBJC_WEAK = YES;
				CLANG_WARN_BLOCK_CAPTURE_AUTORELEASING = YES;
				CLANG_WARN_BOOL_CONVERSION = YES;
				CLANG_WARN_COMMA = YES;
				CLANG_WARN_CONSTANT_CONVERSION = YES;
				CLANG_WARN_DEPRECATED_OBJC_IMPLEMENTATIONS = YES;
				CLANG_WARN_DIRECT_OBJC_ISA_USAGE = YES_ERROR;
				CLANG_WARN_DOCUMENTATION_COMMENTS = YES;
				CLANG_WARN_EMPTY_BODY = YES;
				CLANG_WARN_ENUM_CONVERSION = YES;
				CLANG_WARN_INFINITE_RECURSION = YES;
				CLANG_WARN_INT_CONVERSION = YES;
				CLANG_WARN_NON_LITERAL_NULL_CONVERSION = YES;
				CLANG_WARN_OBJC_IMPLICIT_RETAIN_SELF = YES;
				CLANG_WARN_OBJC_LITERAL_CONVERSION = YES;
				CLANG_WARN_OBJC_ROOT_CLASS = YES_ERROR;
				CLANG_WARN_RANGE_LOOP_ANALYSIS = YES;
				CLANG_WARN_STRICT_PROTOTYPES = YES;
				CLANG_WARN_SUSPICIOUS_MOVE = YES;
				CLANG_WARN_UNGUARDED_AVAILABILITY = YES_AGGRESSIVE;
				CLANG_WARN_UNREACHABLE_CODE = YES;
				CLANG_WARN__DUPLICATE_METHOD_MATCH = YES;
				CODE_SIGN_IDENTITY = "iPhone Developer";
				COPY_PHASE_STRIP = NO;
				DEBUG_INFORMATION_FORMAT = dwarf;
				ENABLE_STRICT_OBJC_MSGSEND = YES;
				ENABLE_TESTABILITY = YES;
				GCC_C_LANGUAGE_STANDARD = gnu11;
				GCC_DYNAMIC_NO_PIC = NO;
				GCC_NO_COMMON_BLOCKS = YES;
				GCC_OPTIMIZATION_LEVEL = 0;
				GCC_PREPROCESSOR_DEFINITIONS = (
					"DEBUG=1",
					"$(inherited)",
				);
				GCC_WARN_64_TO_32_BIT_CONVERSION = YES;
				GCC_WARN_ABOUT_RETURN_TYPE = YES_ERROR;
				GCC_WARN_UNDECLARED_SELECTOR = YES;
				GCC_WARN_UNINITIALIZED_AUTOS = YES_AGGRESSIVE;
				GCC_WARN_UNUSED_FUNCTION = YES;
				GCC_WARN_UNUSED_VARIABLE = YES;
				IPHONEOS_DEPLOYMENT_TARGET = 11.4;
				MTL_ENABLE_DEBUG_INFO = YES;
				ONLY_ACTIVE_ARCH = YES;
				SDKROOT = iphoneos;
				SWIFT_ACTIVE_COMPILATION_CONDITIONS = DEBUG;
				SWIFT_OPTIMIZATION_LEVEL = "-Onone";
			};
			name = Debug;
		};
		CFA94ACB20F42913002ABA4D /* Release */ = {
			isa = XCBuildConfiguration;
			buildSettings = {
				ALWAYS_SEARCH_USER_PATHS = NO;
				CLANG_ANALYZER_NONNULL = YES;
				CLANG_ANALYZER_NUMBER_OBJECT_CONVERSION = YES_AGGRESSIVE;
				CLANG_CXX_LANGUAGE_STANDARD = "gnu++14";
				CLANG_CXX_LIBRARY = "libc++";
				CLANG_ENABLE_MODULES = YES;
				CLANG_ENABLE_OBJC_ARC = YES;
				CLANG_ENABLE_OBJC_WEAK = YES;
				CLANG_WARN_BLOCK_CAPTURE_AUTORELEASING = YES;
				CLANG_WARN_BOOL_CONVERSION = YES;
				CLANG_WARN_COMMA = YES;
				CLANG_WARN_CONSTANT_CONVERSION = YES;
				CLANG_WARN_DEPRECATED_OBJC_IMPLEMENTATIONS = YES;
				CLANG_WARN_DIRECT_OBJC_ISA_USAGE = YES_ERROR;
				CLANG_WARN_DOCUMENTATION_COMMENTS = YES;
				CLANG_WARN_EMPTY_BODY = YES;
				CLANG_WARN_ENUM_CONVERSION = YES;
				CLANG_WARN_INFINITE_RECURSION = YES;
				CLANG_WARN_INT_CONVERSION = YES;
				CLANG_WARN_NON_LITERAL_NULL_CONVERSION = YES;
				CLANG_WARN_OBJC_IMPLICIT_RETAIN_SELF = YES;
				CLANG_WARN_OBJC_LITERAL_CONVERSION = YES;
				CLANG_WARN_OBJC_ROOT_CLASS = YES_ERROR;
				CLANG_WARN_RANGE_LOOP_ANALYSIS = YES;
				CLANG_WARN_STRICT_PROTOTYPES = YES;
				CLANG_WARN_SUSPICIOUS_MOVE = YES;
				CLANG_WARN_UNGUARDED_AVAILABILITY = YES_AGGRESSIVE;
				CLANG_WARN_UNREACHABLE_CODE = YES;
				CLANG_WARN__DUPLICATE_METHOD_MATCH = YES;
				CODE_SIGN_IDENTITY = "iPhone Developer";
				COPY_PHASE_STRIP = NO;
				DEBUG_INFORMATION_FORMAT = "dwarf-with-dsym";
				ENABLE_NS_ASSERTIONS = NO;
				ENABLE_STRICT_OBJC_MSGSEND = YES;
				GCC_C_LANGUAGE_STANDARD = gnu11;
				GCC_NO_COMMON_BLOCKS = YES;
				GCC_WARN_64_TO_32_BIT_CONVERSION = YES;
				GCC_WARN_ABOUT_RETURN_TYPE = YES_ERROR;
				GCC_WARN_UNDECLARED_SELECTOR = YES;
				GCC_WARN_UNINITIALIZED_AUTOS = YES_AGGRESSIVE;
				GCC_WARN_UNUSED_FUNCTION = YES;
				GCC_WARN_UNUSED_VARIABLE = YES;
				IPHONEOS_DEPLOYMENT_TARGET = 11.4;
				MTL_ENABLE_DEBUG_INFO = NO;
				SDKROOT = iphoneos;
				SWIFT_COMPILATION_MODE = wholemodule;
				SWIFT_OPTIMIZATION_LEVEL = "-O";
				VALIDATE_PRODUCT = YES;
			};
			name = Release;
		};
		CFA94ACD20F42913002ABA4D /* Debug */ = {
			isa = XCBuildConfiguration;
			buildSettings = {
				ASSETCATALOG_COMPILER_APPICON_NAME = AppIcon;
				CODE_SIGN_STYLE = Automatic;
				DEVELOPMENT_TEAM = VQ9PY5C74Q;
				INFOPLIST_FILE = NSEW/Info.plist;
				LD_RUNPATH_SEARCH_PATHS = (
					"$(inherited)",
					"@executable_path/Frameworks",
				);
				PRODUCT_BUNDLE_IDENTIFIER = com.ashwinmahesh.NSEW;
				PRODUCT_NAME = "$(TARGET_NAME)";
				SWIFT_VERSION = 4.0;
				TARGETED_DEVICE_FAMILY = "1,2";
			};
			name = Debug;
		};
		CFA94ACE20F42913002ABA4D /* Release */ = {
			isa = XCBuildConfiguration;
			buildSettings = {
				ASSETCATALOG_COMPILER_APPICON_NAME = AppIcon;
				CODE_SIGN_STYLE = Automatic;
				DEVELOPMENT_TEAM = VQ9PY5C74Q;
				INFOPLIST_FILE = NSEW/Info.plist;
				LD_RUNPATH_SEARCH_PATHS = (
					"$(inherited)",
					"@executable_path/Frameworks",
				);
				PRODUCT_BUNDLE_IDENTIFIER = com.ashwinmahesh.NSEW;
				PRODUCT_NAME = "$(TARGET_NAME)";
				SWIFT_VERSION = 4.0;
				TARGETED_DEVICE_FAMILY = "1,2";
			};
			name = Release;
		};
/* End XCBuildConfiguration section */

/* Begin XCConfigurationList section */
		CFA94AB520F42912002ABA4D /* Build configuration list for PBXProject "NSEW" */ = {
			isa = XCConfigurationList;
			buildConfigurations = (
				CFA94ACA20F42913002ABA4D /* Debug */,
				CFA94ACB20F42913002ABA4D /* Release */,
			);
			defaultConfigurationIsVisible = 0;
			defaultConfigurationName = Release;
		};
		CFA94ACC20F42913002ABA4D /* Build configuration list for PBXNativeTarget "NSEW" */ = {
			isa = XCConfigurationList;
			buildConfigurations = (
				CFA94ACD20F42913002ABA4D /* Debug */,
				CFA94ACE20F42913002ABA4D /* Release */,
			);
			defaultConfigurationIsVisible = 0;
			defaultConfigurationName = Release;
		};
/* End XCConfigurationList section */
	};
	rootObject = CFA94AB220F42912002ABA4D /* Project object */;
}
